
Microsoft Visual Studio Solution File, Format Version 12.00
# Visual Studio Version 16
VisualStudioVersion = 16.0.30523.141
MinimumVisualStudioVersion = 10.0.40219.1
Project("{2150E333-8FDC-42A3-9474-1A3956D46DE8}") = "Catalog", "Catalog", "{6E518DC5-88CB-44EF-9C71-7443FF5BB58C}"
EndProject
Project("{2150E333-8FDC-42A3-9474-1A3956D46DE8}") = "Common", "Common", "{3D3FB925-8BCB-4C97-99F2-2F802DB646B6}"
EndProject
Project("{2150E333-8FDC-42A3-9474-1A3956D46DE8}") = "src", "src", "{1BED42AC-0468-4D86-A58C-93B8CFE14612}"
EndProject
Project("{2150E333-8FDC-42A3-9474-1A3956D46DE8}") = "tests", "tests", "{D26C47A3-3151-43A7-84B4-78CE998A3E91}"
EndProject
Project("{9A19103F-16F7-4668-BE54-9A1E7A4F7556}") = "Catalog.Api", "src\Catalog\Catalog.Api\Catalog.Api.csproj", "{B2808FAE-4883-4091-A242-0E1198414434}"
EndProject
Project("{9A19103F-16F7-4668-BE54-9A1E7A4F7556}") = "Catalog.Application", "src\Catalog\Catalog.Application\Catalog.Application.csproj", "{AC35719A-49DC-41BF-B84C-9089823A7F00}"
EndProject
Project("{9A19103F-16F7-4668-BE54-9A1E7A4F7556}") = "Catalog.Client", "src\Catalog\Catalog.Client\Catalog.Client.csproj", "{54B4BF62-9B89-438B-A0A5-3248979B0593}"
EndProject
Project("{9A19103F-16F7-4668-BE54-9A1E7A4F7556}") = "Catalog.Domain", "src\Catalog\Catalog.Domain\Catalog.Domain.csproj", "{FE68FAD5-E489-4B74-8A5F-7E287383E6E7}"
EndProject
Project("{9A19103F-16F7-4668-BE54-9A1E7A4F7556}") = "Catalog.Infrastructure", "src\Catalog\Catalog.Infrastructure\Catalog.Infrastructure.csproj", "{4DAC77A0-9F83-4BA4-B5D5-4E76C64D57E0}"
EndProject
Project("{9A19103F-16F7-4668-BE54-9A1E7A4F7556}") = "Common", "src\Common\Common.csproj", "{D488FEB3-754E-4947-9290-0DB786434D07}"
EndProject
Project("{9A19103F-16F7-4668-BE54-9A1E7A4F7556}") = "WatchDog", "src\WatchDog\WatchDog.csproj", "{382C9B1B-7C0E-49C3-8526-261E1831D3B0}"
EndProject
Project("{9A19103F-16F7-4668-BE54-9A1E7A4F7556}") = "Catalog.IntegrationTests", "tests\Catalog.IntegrationTests\Catalog.IntegrationTests.csproj", "{B5FEF61B-655E-468D-8BB1-EF381BF02B51}"
EndProject
Project("{2150E333-8FDC-42A3-9474-1A3956D46DE8}") = "Solution Items", "Solution Items", "{64EEB7CD-6053-4703-8CD2-255F0B4FBEB2}"
	ProjectSection(SolutionItems) = preProject
		docker-compose.yml = docker-compose.yml
	EndProjectSection
EndProject
Project("{FAE04EC0-301F-11D3-BF4B-00C04F79EFBC}") = "Catalog.Application.IntegrationTests", "tests\Catalog.Application.IntegrationTests\Catalog.Application.IntegrationTests.csproj", "{298E73C4-B7BF-4A57-B92A-327B3A19FD38}"
EndProject
Global
	GlobalSection(SolutionConfigurationPlatforms) = preSolution
		Debug|Any CPU = Debug|Any CPU
		Release|Any CPU = Release|Any CPU
	EndGlobalSection
	GlobalSection(ProjectConfigurationPlatforms) = postSolution
		{B2808FAE-4883-4091-A242-0E1198414434}.Debug|Any CPU.ActiveCfg = Debug|Any CPU
		{B2808FAE-4883-4091-A242-0E1198414434}.Debug|Any CPU.Build.0 = Debug|Any CPU
		{B2808FAE-4883-4091-A242-0E1198414434}.Release|Any CPU.ActiveCfg = Release|Any CPU
		{B2808FAE-4883-4091-A242-0E1198414434}.Release|Any CPU.Build.0 = Release|Any CPU
		{AC35719A-49DC-41BF-B84C-9089823A7F00}.Debug|Any CPU.ActiveCfg = Debug|Any CPU
		{AC35719A-49DC-41BF-B84C-9089823A7F00}.Debug|Any CPU.Build.0 = Debug|Any CPU
		{AC35719A-49DC-41BF-B84C-9089823A7F00}.Release|Any CPU.ActiveCfg = Release|Any CPU
		{AC35719A-49DC-41BF-B84C-9089823A7F00}.Release|Any CPU.Build.0 = Release|Any CPU
		{54B4BF62-9B89-438B-A0A5-3248979B0593}.Debug|Any CPU.ActiveCfg = Debug|Any CPU
		{54B4BF62-9B89-438B-A0A5-3248979B0593}.Debug|Any CPU.Build.0 = Debug|Any CPU
		{54B4BF62-9B89-438B-A0A5-3248979B0593}.Release|Any CPU.ActiveCfg = Release|Any CPU
		{54B4BF62-9B89-438B-A0A5-3248979B0593}.Release|Any CPU.Build.0 = Release|Any CPU
		{FE68FAD5-E489-4B74-8A5F-7E287383E6E7}.Debug|Any CPU.ActiveCfg = Debug|Any CPU
		{FE68FAD5-E489-4B74-8A5F-7E287383E6E7}.Debug|Any CPU.Build.0 = Debug|Any CPU
		{FE68FAD5-E489-4B74-8A5F-7E287383E6E7}.Release|Any CPU.ActiveCfg = Release|Any CPU
		{FE68FAD5-E489-4B74-8A5F-7E287383E6E7}.Release|Any CPU.Build.0 = Release|Any CPU
		{4DAC77A0-9F83-4BA4-B5D5-4E76C64D57E0}.Debug|Any CPU.ActiveCfg = Debug|Any CPU
		{4DAC77A0-9F83-4BA4-B5D5-4E76C64D57E0}.Debug|Any CPU.Build.0 = Debug|Any CPU
		{4DAC77A0-9F83-4BA4-B5D5-4E76C64D57E0}.Release|Any CPU.ActiveCfg = Release|Any CPU
		{4DAC77A0-9F83-4BA4-B5D5-4E76C64D57E0}.Release|Any CPU.Build.0 = Release|Any CPU
		{D488FEB3-754E-4947-9290-0DB786434D07}.Debug|Any CPU.ActiveCfg = Debug|Any CPU
		{D488FEB3-754E-4947-9290-0DB786434D07}.Debug|Any CPU.Build.0 = Debug|Any CPU
		{D488FEB3-754E-4947-9290-0DB786434D07}.Release|Any CPU.ActiveCfg = Release|Any CPU
		{D488FEB3-754E-4947-9290-0DB786434D07}.Release|Any CPU.Build.0 = Release|Any CPU
		{382C9B1B-7C0E-49C3-8526-261E1831D3B0}.Debug|Any CPU.ActiveCfg = Debug|Any CPU
		{382C9B1B-7C0E-49C3-8526-261E1831D3B0}.Debug|Any CPU.Build.0 = Debug|Any CPU
		{382C9B1B-7C0E-49C3-8526-261E1831D3B0}.Release|Any CPU.ActiveCfg = Release|Any CPU
		{382C9B1B-7C0E-49C3-8526-261E1831D3B0}.Release|Any CPU.Build.0 = Release|Any CPU
		{B5FEF61B-655E-468D-8BB1-EF381BF02B51}.Debug|Any CPU.ActiveCfg = Debug|Any CPU
		{B5FEF61B-655E-468D-8BB1-EF381BF02B51}.Debug|Any CPU.Build.0 = Debug|Any CPU
		{B5FEF61B-655E-468D-8BB1-EF381BF02B51}.Release|Any CPU.ActiveCfg = Release|Any CPU
		{B5FEF61B-655E-468D-8BB1-EF381BF02B51}.Release|Any CPU.Build.0 = Release|Any CPU
		{298E73C4-B7BF-4A57-B92A-327B3A19FD38}.Debug|Any CPU.ActiveCfg = Debug|Any CPU
		{298E73C4-B7BF-4A57-B92A-327B3A19FD38}.Debug|Any CPU.Build.0 = Debug|Any CPU
		{298E73C4-B7BF-4A57-B92A-327B3A19FD38}.Release|Any CPU.ActiveCfg = Release|Any CPU
		{298E73C4-B7BF-4A57-B92A-327B3A19FD38}.Release|Any CPU.Build.0 = Release|Any CPU
	EndGlobalSection
	GlobalSection(SolutionProperties) = preSolution
		HideSolutionNode = FALSE
	EndGlobalSection
	GlobalSection(NestedProjects) = preSolution
		{6E518DC5-88CB-44EF-9C71-7443FF5BB58C} = {1BED42AC-0468-4D86-A58C-93B8CFE14612}
		{3D3FB925-8BCB-4C97-99F2-2F802DB646B6} = {1BED42AC-0468-4D86-A58C-93B8CFE14612}
		{B2808FAE-4883-4091-A242-0E1198414434} = {6E518DC5-88CB-44EF-9C71-7443FF5BB58C}
		{AC35719A-49DC-41BF-B84C-9089823A7F00} = {6E518DC5-88CB-44EF-9C71-7443FF5BB58C}
		{54B4BF62-9B89-438B-A0A5-3248979B0593} = {6E518DC5-88CB-44EF-9C71-7443FF5BB58C}
		{FE68FAD5-E489-4B74-8A5F-7E287383E6E7} = {6E518DC5-88CB-44EF-9C71-7443FF5BB58C}
		{4DAC77A0-9F83-4BA4-B5D5-4E76C64D57E0} = {6E518DC5-88CB-44EF-9C71-7443FF5BB58C}
		{D488FEB3-754E-4947-9290-0DB786434D07} = {3D3FB925-8BCB-4C97-99F2-2F802DB646B6}
		{382C9B1B-7C0E-49C3-8526-261E1831D3B0} = {1BED42AC-0468-4D86-A58C-93B8CFE14612}
		{B5FEF61B-655E-468D-8BB1-EF381BF02B51} = {D26C47A3-3151-43A7-84B4-78CE998A3E91}
		{298E73C4-B7BF-4A57-B92A-327B3A19FD38} = {D26C47A3-3151-43A7-84B4-78CE998A3E91}
	EndGlobalSection
	GlobalSection(ExtensibilityGlobals) = postSolution
		SolutionGuid = {A40F3148-DBC2-4F0A-8081-6C8BD9B684F9}
	EndGlobalSection
EndGlobal
